
Microsoft Visual Studio Solution File, Format Version 12.00
# Visual Studio Version 16
VisualStudioVersion = 16.0.30621.155
MinimumVisualStudioVersion = 10.0.40219.1
Project("{FAE04EC0-301F-11D3-BF4B-00C04F79EFBC}") = "BlazorAppDemo", "BlazorAppDemo\BlazorAppDemo.csproj", "{D284EA49-E07A-45D4-BCFC-A66E68A92698}"
EndProject
Global
	GlobalSection(SolutionConfigurationPlatforms) = preSolution
		Debug|Any CPU = Debug|Any CPU
		Release|Any CPU = Release|Any CPU
	EndGlobalSection
	GlobalSection(ProjectConfigurationPlatforms) = postSolution
		{D284EA49-E07A-45D4-BCFC-A66E68A92698}.Debug|Any CPU.ActiveCfg = Debug|Any CPU
		{D284EA49-E07A-45D4-BCFC-A66E68A92698}.Debug|Any CPU.Build.0 = Debug|Any CPU
		{D284EA49-E07A-45D4-BCFC-A66E68A92698}.Release|Any CPU.ActiveCfg = Release|Any CPU
		{D284EA49-E07A-45D4-BCFC-A66E68A92698}.Release|Any CPU.Build.0 = Release|Any CPU
	EndGlobalSection
	GlobalSection(SolutionProperties) = preSolution
		HideSolutionNode = FALSE
	EndGlobalSection
	GlobalSection(ExtensibilityGlobals) = postSolution
		SolutionGuid = {64F19143-F41F-4694-B839-48BA1EB880FD}
	EndGlobalSection
EndGlobal
